{
    "version": "0.5",
    "requires": [
        "zlib/1.2.13#13c96f538b52e1600c40b88994de240f%1667396813.733",
        "spdlog/1.11.0#faa6eb03bd1009bf2070b0c77e4f56a6%1675940535.417",
        "secp256k1/0.18.0#8861d0e9e41f2f29f2e7644819baf939%1679093821.324",
        "node/0.34.0#793b7c804f12ea59b290a465cdc1191c%1679096289.553",
        "network/0.33.0#02ac5ea934ad9dadd161abafab7223f2%1679096049.053",
        "lmdb/0.9.29#c277645fc26fc806a406b525c5845455%1666084222.748",
        "libbacktrace/cci.20210118#ec1aa63bbc10145c6a299e68e711670c%1676205469.545",
        "infrastructure/0.25.0#24c6e4aa637be28a387b6e16c7df7d8a%1679094816.877",
        "gmp/6.2.1#9cd6e4a851f6ffd6ea5b5d563f23abcc%1678897585.752",
        "fmt/9.1.0#e747928f85b03f48aaf227ff897d9634%1675126490.952",
        "domain/0.30.0#2c21017a9a47f430a2bc934075841185%1679095274.36",
        "database/0.29.0#fee825da599d7be9ad1c5ab1ae87353c%1679095603.865",
        "consensus/0.24.0#fb500993e185e605ae09a480a92b9977%1679095463.373",
        "bzip2/1.0.8#411fc05e80d47a89045edc1ee6f23c1d%1678293522.814",
        "boost/1.81.0#8dcd9d9df9e0d320714b83cceddbe120%1676029990.142",
        "blockchain/0.28.0#555b61d38ba6f769c57b32dc5f20b7c6%1679095861.573"
    ],
    "build_requires": [
        "m4/1.4.19#7689d2cae05587d0efb12261ddc4124d%1676610086.39",
        "b2/4.9.3#5445210661950ce568cfd76158d9e117%1675784082.47"
    ],
    "python_requires": []
}