{
    "version": "0.5",
    "requires": [
        "zlib/1.2.13#e377bee636333ae348d51ca90874e353%1682597484.674",
        "spdlog/1.14.1#972bbf70be1da4bc57ea589af0efde03%1714610543.14",
        "secp256k1/0.18.0#c2e7e05855c71cb8f4e350a7aa10bfa9%1698921631.178",
        "node/0.43.0#aa04533d4ab312d702df38bcb875b25b%1716311985.775",
        "network/0.42.0#6e885dcb9c7a849f7b575337c96145f8%1716308362.441",
        "lmdb/0.9.32#a9b704c2cb978c03eea680da55f26f8e%1715166447.685",
        "libbacktrace/cci.20210118#ec1aa63bbc10145c6a299e68e711670c%1676205469.545",
        "infrastructure/0.33.0#c3d2ff2347f7023b2f2ed475109cea7a%1716304697.223",
        "gmp/6.3.0#df20ffb6d21c34d67704305bcd1dea9e%1698225617.026",
        "fmt/10.2.1#9199a7a0611866dea5c8849a77467b25%1704415120.216",
        "expected-lite/0.6.3#262026767cf9d5ab1fdccb25c9bdbac2%1692807329.641",
        "domain/0.35.0#31e3c025ecabc5e2d2497315f406edb5%1716307558.582",
        "database/0.40.0#66089526ba08f2504be2ff9368455854%1716308565.049",
        "ctre/3.9.0#318a83b26476a59466795daac928f3ec%1715925273.754",
        "consensus/0.31.0#d920af2ad2c3cfc8b267a4b59e97caa7%1716304670.907",
        "bzip2/1.0.8#411fc05e80d47a89045edc1ee6f23c1d%1678293522.814",
        "boost/1.85.0#7926babdab0a9779cc164d0af6c28d5e%1715614149.259",
        "blockchain/0.38.0#3782ac84116af2ba5c6d3e991a883cba%1716310943.752"
    ],
    "build_requires": [
        "m4/1.4.19#c1c4b1ee919e34630bb9b50046253d3c%1676610086.39",
        "b2/4.10.1#8dc3df1cc73ad65d86cbdfd31fdb011f%1690006205.975"
    ],
    "python_requires": []
}